# Released migrations are immutable. `cargo test -p korean-db` fails if one changes.
# Append a line for every new migration: <version> <sha256 of the .sql file>
0001 39fcdec34779909d34d9481e3e04412cb9ce7e9f9ac5f6c0524af982281eea4a
0002 946a8cb8d56564ec5ae22fecf420d30f9cc5b12fb6400f1e9fbf75dfa2274b6b
0003 3174e0e1d90605d701e35cfcfef2a91d8c94b1a69fcbffb2398851971e95c5b0
0004 d8514d2d9cd2a5a3eba74e017162d24a302743ae4bf87108eca78d6db5e8d140
0005 68eb1e45c8ca10d6a61f7ee7f8b6c23d6821747ee62fd231717dd1a0d926a263
