# Released migrations are immutable. `cargo test -p korean-db` fails if one changes.
# Append a line for every new migration: <version> <sha256 of the .sql file>
0001 39fcdec34779909d34d9481e3e04412cb9ce7e9f9ac5f6c0524af982281eea4a
0002 946a8cb8d56564ec5ae22fecf420d30f9cc5b12fb6400f1e9fbf75dfa2274b6b
0003 3174e0e1d90605d701e35cfcfef2a91d8c94b1a69fcbffb2398851971e95c5b0
0004 d8514d2d9cd2a5a3eba74e017162d24a302743ae4bf87108eca78d6db5e8d140
0005 68eb1e45c8ca10d6a61f7ee7f8b6c23d6821747ee62fd231717dd1a0d926a263
0006 ec4cf879fa615084b552eefa3e24148f3f71dab666e8f6fde37249097041e4ca
0007 dd1c89f27b56a81deef9f0409acedc3767ef16d02e312f9487a18a43be0f71b2
0008 e93a7aba162ab5b1c16122bb3278fd75ef6af3cc63df52ee86825300f99d984f
