# Released migrations are immutable. `cargo test -p korean-db` fails if one changes.
# Append a line for every new migration: <version> <sha256 of the .sql file>
0001 39fcdec34779909d34d9481e3e04412cb9ce7e9f9ac5f6c0524af982281eea4a
0002 946a8cb8d56564ec5ae22fecf420d30f9cc5b12fb6400f1e9fbf75dfa2274b6b
